github.com/bearsh/hid v1.6.0 h1:eOBSuF2pg+SCytKGuGjOzZx73xQ72gevJ5IlFvzgfGE=
github.com/bearsh/hid v1.6.0/go.mod h1:7JhM3r/tm4ALu4WWFqshda+Q6aIcnGRpUR08sx/dHdc=
go.sia.tech/core v0.19.1-0.20260326151920-bbeb92b26458 h1:bkaQA63PY4G5z8OJXpqnDfazKn5b2SPL/Onbt9MdqSQ=
go.sia.tech/core v0.19.1-0.20260326151920-bbeb92b26458/go.mod h1:VW884XgsHjd9ptg8kkkl9OvHP1QLT/DlMWYjYQFvb88=
golang.org/x/crypto v0.49.0 h1:+Ng2ULVvLHnJ/ZFEq4KdcDd/cfjrrjjNSXNzxg0Y4U4=
golang.org/x/crypto v0.49.0/go.mod h1:ErX4dUh2UM+CFYiXZRTcMpEcN8b/1gxEuv3nODoYtCA=
golang.org/x/sys v0.42.0 h1:omrd2nAlyT5ESRdCLYdm3+fMfNFE/+Rf4bDIQImRJeo=
golang.org/x/sys v0.42.0/go.mod h1:4GL1E5IUh+htKOUEOaiffhrAeqysfVGipDYzABqnCmw=
lukechampine.com/frand v1.5.1 h1:fg0eRtdmGFIxhP5zQJzM1lFDbD6CUfu/f+7WgAZd5/w=
lukechampine.com/frand v1.5.1/go.mod h1:4VstaWc2plN4Mjr10chUD46RAVGWhpkZ5Nja8+Azp0Q=
